
Microsoft Visual Studio Solution File, Format Version 12.00
# Visual Studio Version 16
VisualStudioVersion = 16.0.28922.388
MinimumVisualStudioVersion = 10.0.40219.1
Project("{FAE04EC0-301F-11D3-BF4B-00C04F79EFBC}") = "PrismDemo2.UWP", "PrismDemo2\PrismDemo2.UWP\PrismDemo2.UWP.csproj", "{D1BA3985-6472-4953-9329-FC7BBA8683E4}"
EndProject
Project("{FAE04EC0-301F-11D3-BF4B-00C04F79EFBC}") = "PrismDemo2.Android", "PrismDemo2\PrismDemo2.Android\PrismDemo2.Android.csproj", "{FB0F540B-FDB1-4556-87C5-3A6C7CCBBEFD}"
EndProject
Project("{FAE04EC0-301F-11D3-BF4B-00C04F79EFBC}") = "PrismDemo2.iOS", "PrismDemo2\PrismDemo2.iOS\PrismDemo2.iOS.csproj", "{ADF2E078-0CF5-4058-857A-19268871A63A}"
EndProject
Project("{FAE04EC0-301F-11D3-BF4B-00C04F79EFBC}") = "PrismDemo2", "PrismDemo2\PrismDemo2\PrismDemo2.csproj", "{87241469-46FF-4FAC-96BC-3C245D756847}"
EndProject
Global
	GlobalSection(SolutionConfigurationPlatforms) = preSolution
		Debug|Any CPU = Debug|Any CPU
		Debug|ARM = Debug|ARM
		Debug|iPhone = Debug|iPhone
		Debug|iPhoneSimulator = Debug|iPhoneSimulator
		Debug|x64 = Debug|x64
		Debug|x86 = Debug|x86
		Release|Any CPU = Release|Any CPU
		Release|ARM = Release|ARM
		Release|iPhone = Release|iPhone
		Release|iPhoneSimulator = Release|iPhoneSimulator
		Release|x64 = Release|x64
		Release|x86 = Release|x86
	EndGlobalSection
	GlobalSection(ProjectConfigurationPlatforms) = postSolution
		{D1BA3985-6472-4953-9329-FC7BBA8683E4}.Debug|Any CPU.ActiveCfg = Debug|x86
		{D1BA3985-6472-4953-9329-FC7BBA8683E4}.Debug|Any CPU.Build.0 = Debug|x86
		{D1BA3985-6472-4953-9329-FC7BBA8683E4}.Debug|Any CPU.Deploy.0 = Debug|x86
		{D1BA3985-6472-4953-9329-FC7BBA8683E4}.Debug|ARM.ActiveCfg = Debug|ARM
		{D1BA3985-6472-4953-9329-FC7BBA8683E4}.Debug|ARM.Build.0 = Debug|ARM
		{D1BA3985-6472-4953-9329-FC7BBA8683E4}.Debug|ARM.Deploy.0 = Debug|ARM
		{D1BA3985-6472-4953-9329-FC7BBA8683E4}.Debug|iPhone.ActiveCfg = Debug|x86
		{D1BA3985-6472-4953-9329-FC7BBA8683E4}.Debug|iPhone.Build.0 = Debug|x86
		{D1BA3985-6472-4953-9329-FC7BBA8683E4}.Debug|iPhone.Deploy.0 = Debug|x86
		{D1BA3985-6472-4953-9329-FC7BBA8683E4}.Debug|iPhoneSimulator.ActiveCfg = Debug|x86
		{D1BA3985-6472-4953-9329-FC7BBA8683E4}.Debug|iPhoneSimulator.Build.0 = Debug|x86
		{D1BA3985-6472-4953-9329-FC7BBA8683E4}.Debug|iPhoneSimulator.Deploy.0 = Debug|x86
		{D1BA3985-6472-4953-9329-FC7BBA8683E4}.Debug|x64.ActiveCfg = Debug|x64
		{D1BA3985-6472-4953-9329-FC7BBA8683E4}.Debug|x64.Build.0 = Debug|x64
		{D1BA3985-6472-4953-9329-FC7BBA8683E4}.Debug|x64.Deploy.0 = Debug|x64
		{D1BA3985-6472-4953-9329-FC7BBA8683E4}.Debug|x86.ActiveCfg = Debug|x86
		{D1BA3985-6472-4953-9329-FC7BBA8683E4}.Debug|x86.Build.0 = Debug|x86
		{D1BA3985-6472-4953-9329-FC7BBA8683E4}.Debug|x86.Deploy.0 = Debug|x86
		{D1BA3985-6472-4953-9329-FC7BBA8683E4}.Release|Any CPU.ActiveCfg = Release|x86
		{D1BA3985-6472-4953-9329-FC7BBA8683E4}.Release|Any CPU.Build.0 = Release|x86
		{D1BA3985-6472-4953-9329-FC7BBA8683E4}.Release|Any CPU.Deploy.0 = Release|x86
		{D1BA3985-6472-4953-9329-FC7BBA8683E4}.Release|ARM.ActiveCfg = Release|ARM
		{D1BA3985-6472-4953-9329-FC7BBA8683E4}.Release|ARM.Build.0 = Release|ARM
		{D1BA3985-6472-4953-9329-FC7BBA8683E4}.Release|ARM.Deploy.0 = Release|ARM
		{D1BA3985-6472-4953-9329-FC7BBA8683E4}.Release|iPhone.ActiveCfg = Release|x86
		{D1BA3985-6472-4953-9329-FC7BBA8683E4}.Release|iPhone.Build.0 = Release|x86
		{D1BA3985-6472-4953-9329-FC7BBA8683E4}.Release|iPhone.Deploy.0 = Release|x86
		{D1BA3985-6472-4953-9329-FC7BBA8683E4}.Release|iPhoneSimulator.ActiveCfg = Release|x86
		{D1BA3985-6472-4953-9329-FC7BBA8683E4}.Release|iPhoneSimulator.Build.0 = Release|x86
		{D1BA3985-6472-4953-9329-FC7BBA8683E4}.Release|iPhoneSimulator.Deploy.0 = Release|x86
		{D1BA3985-6472-4953-9329-FC7BBA8683E4}.Release|x64.ActiveCfg = Release|x64
		{D1BA3985-6472-4953-9329-FC7BBA8683E4}.Release|x64.Build.0 = Release|x64
		{D1BA3985-6472-4953-9329-FC7BBA8683E4}.Release|x64.Deploy.0 = Release|x64
		{D1BA3985-6472-4953-9329-FC7BBA8683E4}.Release|x86.ActiveCfg = Release|x86
		{D1BA3985-6472-4953-9329-FC7BBA8683E4}.Release|x86.Build.0 = Release|x86
		{D1BA3985-6472-4953-9329-FC7BBA8683E4}.Release|x86.Deploy.0 = Release|x86
		{FB0F540B-FDB1-4556-87C5-3A6C7CCBBEFD}.Debug|Any CPU.ActiveCfg = Debug|Any CPU
		{FB0F540B-FDB1-4556-87C5-3A6C7CCBBEFD}.Debug|Any CPU.Build.0 = Debug|Any CPU
		{FB0F540B-FDB1-4556-87C5-3A6C7CCBBEFD}.Debug|Any CPU.Deploy.0 = Debug|Any CPU
		{FB0F540B-FDB1-4556-87C5-3A6C7CCBBEFD}.Debug|ARM.ActiveCfg = Debug|Any CPU
		{FB0F540B-FDB1-4556-87C5-3A6C7CCBBEFD}.Debug|ARM.Build.0 = Debug|Any CPU
		{FB0F540B-FDB1-4556-87C5-3A6C7CCBBEFD}.Debug|ARM.Deploy.0 = Debug|Any CPU
		{FB0F540B-FDB1-4556-87C5-3A6C7CCBBEFD}.Debug|iPhone.ActiveCfg = Debug|Any CPU
		{FB0F540B-FDB1-4556-87C5-3A6C7CCBBEFD}.Debug|iPhone.Build.0 = Debug|Any CPU
		{FB0F540B-FDB1-4556-87C5-3A6C7CCBBEFD}.Debug|iPhone.Deploy.0 = Debug|Any CPU
		{FB0F540B-FDB1-4556-87C5-3A6C7CCBBEFD}.Debug|iPhoneSimulator.ActiveCfg = Debug|Any CPU
		{FB0F540B-FDB1-4556-87C5-3A6C7CCBBEFD}.Debug|iPhoneSimulator.Build.0 = Debug|Any CPU
		{FB0F540B-FDB1-4556-87C5-3A6C7CCBBEFD}.Debug|iPhoneSimulator.Deploy.0 = Debug|Any CPU
		{FB0F540B-FDB1-4556-87C5-3A6C7CCBBEFD}.Debug|x64.ActiveCfg = Debug|Any CPU
		{FB0F540B-FDB1-4556-87C5-3A6C7CCBBEFD}.Debug|x64.Build.0 = Debug|Any CPU
		{FB0F540B-FDB1-4556-87C5-3A6C7CCBBEFD}.Debug|x64.Deploy.0 = Debug|Any CPU
		{FB0F540B-FDB1-4556-87C5-3A6C7CCBBEFD}.Debug|x86.ActiveCfg = Debug|Any CPU
		{FB0F540B-FDB1-4556-87C5-3A6C7CCBBEFD}.Debug|x86.Build.0 = Debug|Any CPU
		{FB0F540B-FDB1-4556-87C5-3A6C7CCBBEFD}.Debug|x86.Deploy.0 = Debug|Any CPU
		{FB0F540B-FDB1-4556-87C5-3A6C7CCBBEFD}.Release|Any CPU.ActiveCfg = Release|Any CPU
		{FB0F540B-FDB1-4556-87C5-3A6C7CCBBEFD}.Release|Any CPU.Build.0 = Release|Any CPU
		{FB0F540B-FDB1-4556-87C5-3A6C7CCBBEFD}.Release|Any CPU.Deploy.0 = Release|Any CPU
		{FB0F540B-FDB1-4556-87C5-3A6C7CCBBEFD}.Release|ARM.ActiveCfg = Release|Any CPU
		{FB0F540B-FDB1-4556-87C5-3A6C7CCBBEFD}.Release|ARM.Build.0 = Release|Any CPU
		{FB0F540B-FDB1-4556-87C5-3A6C7CCBBEFD}.Release|ARM.Deploy.0 = Release|Any CPU
		{FB0F540B-FDB1-4556-87C5-3A6C7CCBBEFD}.Release|iPhone.ActiveCfg = Release|Any CPU
		{FB0F540B-FDB1-4556-87C5-3A6C7CCBBEFD}.Release|iPhone.Build.0 = Release|Any CPU
		{FB0F540B-FDB1-4556-87C5-3A6C7CCBBEFD}.Release|iPhone.Deploy.0 = Release|Any CPU
		{FB0F540B-FDB1-4556-87C5-3A6C7CCBBEFD}.Release|iPhoneSimulator.ActiveCfg = Release|Any CPU
		{FB0F540B-FDB1-4556-87C5-3A6C7CCBBEFD}.Release|iPhoneSimulator.Build.0 = Release|Any CPU
		{FB0F540B-FDB1-4556-87C5-3A6C7CCBBEFD}.Release|iPhoneSimulator.Deploy.0 = Release|Any CPU
		{FB0F540B-FDB1-4556-87C5-3A6C7CCBBEFD}.Release|x64.ActiveCfg = Release|Any CPU
		{FB0F540B-FDB1-4556-87C5-3A6C7CCBBEFD}.Release|x64.Build.0 = Release|Any CPU
		{FB0F540B-FDB1-4556-87C5-3A6C7CCBBEFD}.Release|x64.Deploy.0 = Release|Any CPU
		{FB0F540B-FDB1-4556-87C5-3A6C7CCBBEFD}.Release|x86.ActiveCfg = Release|Any CPU
		{FB0F540B-FDB1-4556-87C5-3A6C7CCBBEFD}.Release|x86.Build.0 = Release|Any CPU
		{FB0F540B-FDB1-4556-87C5-3A6C7CCBBEFD}.Release|x86.Deploy.0 = Release|Any CPU
		{ADF2E078-0CF5-4058-857A-19268871A63A}.Debug|Any CPU.ActiveCfg = Debug|iPhone
		{ADF2E078-0CF5-4058-857A-19268871A63A}.Debug|Any CPU.Build.0 = Debug|iPhone
		{ADF2E078-0CF5-4058-857A-19268871A63A}.Debug|Any CPU.Deploy.0 = Debug|iPhone
		{ADF2E078-0CF5-4058-857A-19268871A63A}.Debug|ARM.ActiveCfg = Debug|iPhoneSimulator
		{ADF2E078-0CF5-4058-857A-19268871A63A}.Debug|ARM.Build.0 = Debug|iPhoneSimulator
		{ADF2E078-0CF5-4058-857A-19268871A63A}.Debug|ARM.Deploy.0 = Debug|iPhoneSimulator
		{ADF2E078-0CF5-4058-857A-19268871A63A}.Debug|iPhone.ActiveCfg = Debug|iPhone
		{ADF2E078-0CF5-4058-857A-19268871A63A}.Debug|iPhone.Build.0 = Debug|iPhone
		{ADF2E078-0CF5-4058-857A-19268871A63A}.Debug|iPhone.Deploy.0 = Debug|iPhone
		{ADF2E078-0CF5-4058-857A-19268871A63A}.Debug|iPhoneSimulator.ActiveCfg = Debug|iPhoneSimulator
		{ADF2E078-0CF5-4058-857A-19268871A63A}.Debug|iPhoneSimulator.Build.0 = Debug|iPhoneSimulator
		{ADF2E078-0CF5-4058-857A-19268871A63A}.Debug|iPhoneSimulator.Deploy.0 = Debug|iPhoneSimulator
		{ADF2E078-0CF5-4058-857A-19268871A63A}.Debug|x64.ActiveCfg = Debug|iPhone
		{ADF2E078-0CF5-4058-857A-19268871A63A}.Debug|x64.Build.0 = Debug|iPhone
		{ADF2E078-0CF5-4058-857A-19268871A63A}.Debug|x64.Deploy.0 = Debug|iPhone
		{ADF2E078-0CF5-4058-857A-19268871A63A}.Debug|x86.ActiveCfg = Debug|iPhone
		{ADF2E078-0CF5-4058-857A-19268871A63A}.Debug|x86.Build.0 = Debug|iPhone
		{ADF2E078-0CF5-4058-857A-19268871A63A}.Debug|x86.Deploy.0 = Debug|iPhone
		{ADF2E078-0CF5-4058-857A-19268871A63A}.Release|Any CPU.ActiveCfg = Release|iPhone
		{ADF2E078-0CF5-4058-857A-19268871A63A}.Release|Any CPU.Build.0 = Release|iPhone
		{ADF2E078-0CF5-4058-857A-19268871A63A}.Release|Any CPU.Deploy.0 = Release|iPhone
		{ADF2E078-0CF5-4058-857A-19268871A63A}.Release|ARM.ActiveCfg = Release|iPhone
		{ADF2E078-0CF5-4058-857A-19268871A63A}.Release|ARM.Build.0 = Release|iPhone
		{ADF2E078-0CF5-4058-857A-19268871A63A}.Release|ARM.Deploy.0 = Release|iPhone
		{ADF2E078-0CF5-4058-857A-19268871A63A}.Release|iPhone.ActiveCfg = Release|iPhone
		{ADF2E078-0CF5-4058-857A-19268871A63A}.Release|iPhone.Build.0 = Release|iPhone
		{ADF2E078-0CF5-4058-857A-19268871A63A}.Release|iPhone.Deploy.0 = Release|iPhone
		{ADF2E078-0CF5-4058-857A-19268871A63A}.Release|iPhoneSimulator.ActiveCfg = Release|iPhoneSimulator
		{ADF2E078-0CF5-4058-857A-19268871A63A}.Release|iPhoneSimulator.Build.0 = Release|iPhoneSimulator
		{ADF2E078-0CF5-4058-857A-19268871A63A}.Release|iPhoneSimulator.Deploy.0 = Release|iPhoneSimulator
		{ADF2E078-0CF5-4058-857A-19268871A63A}.Release|x64.ActiveCfg = Release|iPhone
		{ADF2E078-0CF5-4058-857A-19268871A63A}.Release|x64.Build.0 = Release|iPhone
		{ADF2E078-0CF5-4058-857A-19268871A63A}.Release|x64.Deploy.0 = Release|iPhone
		{ADF2E078-0CF5-4058-857A-19268871A63A}.Release|x86.ActiveCfg = Release|iPhone
		{ADF2E078-0CF5-4058-857A-19268871A63A}.Release|x86.Build.0 = Release|iPhone
		{ADF2E078-0CF5-4058-857A-19268871A63A}.Release|x86.Deploy.0 = Release|iPhone
		{87241469-46FF-4FAC-96BC-3C245D756847}.Debug|Any CPU.ActiveCfg = Debug|Any CPU
		{87241469-46FF-4FAC-96BC-3C245D756847}.Debug|Any CPU.Build.0 = Debug|Any CPU
		{87241469-46FF-4FAC-96BC-3C245D756847}.Debug|Any CPU.Deploy.0 = Debug|Any CPU
		{87241469-46FF-4FAC-96BC-3C245D756847}.Debug|ARM.ActiveCfg = Debug|Any CPU
		{87241469-46FF-4FAC-96BC-3C245D756847}.Debug|ARM.Build.0 = Debug|Any CPU
		{87241469-46FF-4FAC-96BC-3C245D756847}.Debug|ARM.Deploy.0 = Debug|Any CPU
		{87241469-46FF-4FAC-96BC-3C245D756847}.Debug|iPhone.ActiveCfg = Debug|Any CPU
		{87241469-46FF-4FAC-96BC-3C245D756847}.Debug|iPhone.Build.0 = Debug|Any CPU
		{87241469-46FF-4FAC-96BC-3C245D756847}.Debug|iPhone.Deploy.0 = Debug|Any CPU
		{87241469-46FF-4FAC-96BC-3C245D756847}.Debug|iPhoneSimulator.ActiveCfg = Debug|Any CPU
		{87241469-46FF-4FAC-96BC-3C245D756847}.Debug|iPhoneSimulator.Build.0 = Debug|Any CPU
		{87241469-46FF-4FAC-96BC-3C245D756847}.Debug|iPhoneSimulator.Deploy.0 = Debug|Any CPU
		{87241469-46FF-4FAC-96BC-3C245D756847}.Debug|x64.ActiveCfg = Debug|Any CPU
		{87241469-46FF-4FAC-96BC-3C245D756847}.Debug|x64.Build.0 = Debug|Any CPU
		{87241469-46FF-4FAC-96BC-3C245D756847}.Debug|x64.Deploy.0 = Debug|Any CPU
		{87241469-46FF-4FAC-96BC-3C245D756847}.Debug|x86.ActiveCfg = Debug|Any CPU
		{87241469-46FF-4FAC-96BC-3C245D756847}.Debug|x86.Build.0 = Debug|Any CPU
		{87241469-46FF-4FAC-96BC-3C245D756847}.Debug|x86.Deploy.0 = Debug|Any CPU
		{87241469-46FF-4FAC-96BC-3C245D756847}.Release|Any CPU.ActiveCfg = Release|Any CPU
		{87241469-46FF-4FAC-96BC-3C245D756847}.Release|Any CPU.Build.0 = Release|Any CPU
		{87241469-46FF-4FAC-96BC-3C245D756847}.Release|Any CPU.Deploy.0 = Release|Any CPU
		{87241469-46FF-4FAC-96BC-3C245D756847}.Release|ARM.ActiveCfg = Release|Any CPU
		{87241469-46FF-4FAC-96BC-3C245D756847}.Release|ARM.Build.0 = Release|Any CPU
		{87241469-46FF-4FAC-96BC-3C245D756847}.Release|ARM.Deploy.0 = Release|Any CPU
		{87241469-46FF-4FAC-96BC-3C245D756847}.Release|iPhone.ActiveCfg = Release|Any CPU
		{87241469-46FF-4FAC-96BC-3C245D756847}.Release|iPhone.Build.0 = Release|Any CPU
		{87241469-46FF-4FAC-96BC-3C245D756847}.Release|iPhone.Deploy.0 = Release|Any CPU
		{87241469-46FF-4FAC-96BC-3C245D756847}.Release|iPhoneSimulator.ActiveCfg = Release|Any CPU
		{87241469-46FF-4FAC-96BC-3C245D756847}.Release|iPhoneSimulator.Build.0 = Release|Any CPU
		{87241469-46FF-4FAC-96BC-3C245D756847}.Release|iPhoneSimulator.Deploy.0 = Release|Any CPU
		{87241469-46FF-4FAC-96BC-3C245D756847}.Release|x64.ActiveCfg = Release|Any CPU
		{87241469-46FF-4FAC-96BC-3C245D756847}.Release|x64.Build.0 = Release|Any CPU
		{87241469-46FF-4FAC-96BC-3C245D756847}.Release|x64.Deploy.0 = Release|Any CPU
		{87241469-46FF-4FAC-96BC-3C245D756847}.Release|x86.ActiveCfg = Release|Any CPU
		{87241469-46FF-4FAC-96BC-3C245D756847}.Release|x86.Build.0 = Release|Any CPU
		{87241469-46FF-4FAC-96BC-3C245D756847}.Release|x86.Deploy.0 = Release|Any CPU
	EndGlobalSection
	GlobalSection(SolutionProperties) = preSolution
		HideSolutionNode = FALSE
	EndGlobalSection
	GlobalSection(ExtensibilityGlobals) = postSolution
		SolutionGuid = {D74A3094-8CCD-4B6F-97E5-E276B31C5BDE}
	EndGlobalSection
EndGlobal
